// !$*UTF8*$!
{
	archiveVersion = 1;
	classes = {
	};
	objectVersion = 50;
	objects = {

/* Begin PBXBuildFile section */
		E30E06B1264FB3CD00C14F4C /* ListTableViewCell.swift in Sources */ = {isa = PBXBuildFile; fileRef = E30E06B0264FB3CD00C14F4C /* ListTableViewCell.swift */; };
		E32CB435264E941200C2DFB3 /* AppDelegate.swift in Sources */ = {isa = PBXBuildFile; fileRef = E32CB434264E941200C2DFB3 /* AppDelegate.swift */; };
		E32CB437264E941200C2DFB3 /* SceneDelegate.swift in Sources */ = {isa = PBXBuildFile; fileRef = E32CB436264E941200C2DFB3 /* SceneDelegate.swift */; };
		E32CB439264E941200C2DFB3 /* ViewController.swift in Sources */ = {isa = PBXBuildFile; fileRef = E32CB438264E941200C2DFB3 /* ViewController.swift */; };
		E32CB43C264E941200C2DFB3 /* Main.storyboard in Resources */ = {isa = PBXBuildFile; fileRef = E32CB43A264E941200C2DFB3 /* Main.storyboard */; };
		E32CB43E264E941E00C2DFB3 /* Assets.xcassets in Resources */ = {isa = PBXBuildFile; fileRef = E32CB43D264E941E00C2DFB3 /* Assets.xcassets */; };
		E32CB441264E941E00C2DFB3 /* LaunchScreen.storyboard in Resources */ = {isa = PBXBuildFile; fileRef = E32CB43F264E941E00C2DFB3 /* LaunchScreen.storyboard */; };
		E32CB44C264E941F00C2DFB3 /* WordListTests.swift in Sources */ = {isa = PBXBuildFile; fileRef = E32CB44B264E941F00C2DFB3 /* WordListTests.swift */; };
		E32CB457264E941F00C2DFB3 /* WordListUITests.swift in Sources */ = {isa = PBXBuildFile; fileRef = E32CB456264E941F00C2DFB3 /* WordListUITests.swift */; };
		E32CB468264E945D00C2DFB3 /* word_blank.png in Resources */ = {isa = PBXBuildFile; fileRef = E32CB465264E945D00C2DFB3 /* word_blank.png */; };
		E32CB469264E945D00C2DFB3 /* fin.png in Resources */ = {isa = PBXBuildFile; fileRef = E32CB466264E945D00C2DFB3 /* fin.png */; };
		E32CB46A264E945D00C2DFB3 /* title_logo.png in Resources */ = {isa = PBXBuildFile; fileRef = E32CB467264E945D00C2DFB3 /* title_logo.png */; };
		E32CB46C264E9E2100C2DFB3 /* ListTableTableViewController.swift in Sources */ = {isa = PBXBuildFile; fileRef = E32CB46B264E9E2100C2DFB3 /* ListTableTableViewController.swift */; };
		E32CB46E264E9E4400C2DFB3 /* QuesrionViewController.swift in Sources */ = {isa = PBXBuildFile; fileRef = E32CB46D264E9E4400C2DFB3 /* QuesrionViewController.swift */; };
		E32CB470264E9E5700C2DFB3 /* FiniishViewController.swift in Sources */ = {isa = PBXBuildFile; fileRef = E32CB46F264E9E5700C2DFB3 /* FiniishViewController.swift */; };
		E32CB472264E9E6D00C2DFB3 /* AddViewController.swift in Sources */ = {isa = PBXBuildFile; fileRef = E32CB471264E9E6D00C2DFB3 /* AddViewController.swift */; };
/* End PBXBuildFile section */

/* Begin PBXContainerItemProxy section */
		E32CB448264E941F00C2DFB3 /* PBXContainerItemProxy */ = {
			isa = PBXContainerItemProxy;
			containerPortal = E32CB429264E941100C2DFB3 /* Project object */;
			proxyType = 1;
			remoteGlobalIDString = E32CB430264E941200C2DFB3;
			remoteInfo = WordList;
		};
		E32CB453264E941F00C2DFB3 /* PBXContainerItemProxy */ = {
			isa = PBXContainerItemProxy;
			containerPortal = E32CB429264E941100C2DFB3 /* Project object */;
			proxyType = 1;
			remoteGlobalIDString = E32CB430264E941200C2DFB3;
			remoteInfo = WordList;
		};
/* End PBXContainerItemProxy section */

/* Begin PBXFileReference section */
		E30E06B0264FB3CD00C14F4C /* ListTableViewCell.swift */ = {isa = PBXFileReference; lastKnownFileType = sourcecode.swift; path = ListTableViewCell.swift; sourceTree = "<group>"; };
		E32CB431264E941200C2DFB3 /* WordList.app */ = {isa = PBXFileReference; explicitFileType = wrapper.application; includeInIndex = 0; path = WordList.app; sourceTree = BUILT_PRODUCTS_DIR; };
		E32CB434264E941200C2DFB3 /* AppDelegate.swift */ = {isa = PBXFileReference; lastKnownFileType = sourcecode.swift; path = AppDelegate.swift; sourceTree = "<group>"; };
		E32CB436264E941200C2DFB3 /* SceneDelegate.swift */ = {isa = PBXFileReference; lastKnownFileType = sourcecode.swift; path = SceneDelegate.swift; sourceTree = "<group>"; };
		E32CB438264E941200C2DFB3 /* ViewController.swift */ = {isa = PBXFileReference; lastKnownFileType = sourcecode.swift; path = ViewController.swift; sourceTree = "<group>"; };
		E32CB43B264E941200C2DFB3 /* Base */ = {isa = PBXFileReference; lastKnownFileType = file.storyboard; name = Base; path = Base.lproj/Main.storyboard; sourceTree = "<group>"; };
		E32CB43D264E941E00C2DFB3 /* Assets.xcassets */ = {isa = PBXFileReference; lastKnownFileType = folder.assetcatalog; path = Assets.xcassets; sourceTree = "<group>"; };
		E32CB440264E941E00C2DFB3 /* Base */ = {isa = PBXFileReference; lastKnownFileType = file.storyboard; name = Base; path = Base.lproj/LaunchScreen.storyboard; sourceTree = "<group>"; };
		E32CB442264E941E00C2DFB3 /* Info.plist */ = {isa = PBXFileReference; lastKnownFileType = text.plist.xml; path = Info.plist; sourceTree = "<group>"; };
		E32CB447264E941F00C2DFB3 /* WordListTests.xctest */ = {isa = PBXFileReference; explicitFileType = wrapper.cfbundle; includeInIndex = 0; path = WordListTests.xctest; sourceTree = BUILT_PRODUCTS_DIR; };
		E32CB44B264E941F00C2DFB3 /* WordListTests.swift */ = {isa = PBXFileReference; lastKnownFileType = sourcecode.swift; path = WordListTests.swift; sourceTree = "<group>"; };
		E32CB44D264E941F00C2DFB3 /* Info.plist */ = {isa = PBXFileReference; lastKnownFileType = text.plist.xml; path = Info.plist; sourceTree = "<group>"; };
		E32CB452264E941F00C2DFB3 /* WordListUITests.xctest */ = {isa = PBXFileReference; explicitFileType = wrapper.cfbundle; includeInIndex = 0; path = WordListUITests.xctest; sourceTree = BUILT_PRODUCTS_DIR; };
		E32CB456264E941F00C2DFB3 /* WordListUITests.swift */ = {isa = PBXFileReference; lastKnownFileType = sourcecode.swift; path = WordListUITests.swift; sourceTree = "<group>"; };
		E32CB458264E941F00C2DFB3 /* Info.plist */ = {isa = PBXFileReference; lastKnownFileType = text.plist.xml; path = Info.plist; sourceTree = "<group>"; };
		E32CB465264E945D00C2DFB3 /* word_blank.png */ = {isa = PBXFileReference; lastKnownFileType = image.png; path = word_blank.png; sourceTree = "<group>"; };
		E32CB466264E945D00C2DFB3 /* fin.png */ = {isa = PBXFileReference; lastKnownFileType = image.png; path = fin.png; sourceTree = "<group>"; };
		E32CB467264E945D00C2DFB3 /* title_logo.png */ = {isa = PBXFileReference; lastKnownFileType = image.png; path = title_logo.png; sourceTree = "<group>"; };
		E32CB46B264E9E2100C2DFB3 /* ListTableTableViewController.swift */ = {isa = PBXFileReference; lastKnownFileType = sourcecode.swift; path = ListTableTableViewController.swift; sourceTree = "<group>"; };
		E32CB46D264E9E4400C2DFB3 /* QuesrionViewController.swift */ = {isa = PBXFileReference; lastKnownFileType = sourcecode.swift; path = QuesrionViewController.swift; sourceTree = "<group>"; };
		E32CB46F264E9E5700C2DFB3 /* FiniishViewController.swift */ = {isa = PBXFileReference; lastKnownFileType = sourcecode.swift; path = FiniishViewController.swift; sourceTree = "<group>"; };
		E32CB471264E9E6D00C2DFB3 /* AddViewController.swift */ = {isa = PBXFileReference; lastKnownFileType = sourcecode.swift; path = AddViewController.swift; sourceTree = "<group>"; };
/* End PBXFileReference section */

/* Begin PBXFrameworksBuildPhase section */
		E32CB42E264E941200C2DFB3 /* Frameworks */ = {
			isa = PBXFrameworksBuildPhase;
			buildActionMask = 2147483647;
			files = (
			);
			runOnlyForDeploymentPostprocessing = 0;
		};
		E32CB444264E941F00C2DFB3 /* Frameworks */ = {
			isa = PBXFrameworksBuildPhase;
			buildActionMask = 2147483647;
			files = (
			);
			runOnlyForDeploymentPostprocessing = 0;
		};
		E32CB44F264E941F00C2DFB3 /* Frameworks */ = {
			isa = PBXFrameworksBuildPhase;
			buildActionMask = 2147483647;
			files = (
			);
			runOnlyForDeploymentPostprocessing = 0;
		};
/* End PBXFrameworksBuildPhase section */

/* Begin PBXGroup section */
		E32CB428264E941100C2DFB3 = {
			isa = PBXGroup;
			children = (
				E32CB433264E941200C2DFB3 /* WordList */,
				E32CB44A264E941F00C2DFB3 /* WordListTests */,
				E32CB455264E941F00C2DFB3 /* WordListUITests */,
				E32CB432264E941200C2DFB3 /* Products */,
			);
			sourceTree = "<group>";
		};
		E32CB432264E941200C2DFB3 /* Products */ = {
			isa = PBXGroup;
			children = (
				E32CB431264E941200C2DFB3 /* WordList.app */,
				E32CB447264E941F00C2DFB3 /* WordListTests.xctest */,
				E32CB452264E941F00C2DFB3 /* WordListUITests.xctest */,
			);
			name = Products;
			sourceTree = "<group>";
		};
		E32CB433264E941200C2DFB3 /* WordList */ = {
			isa = PBXGroup;
			children = (
				E32CB464264E945D00C2DFB3 /* WordList素材 */,
				E32CB434264E941200C2DFB3 /* AppDelegate.swift */,
				E32CB436264E941200C2DFB3 /* SceneDelegate.swift */,
				E32CB438264E941200C2DFB3 /* ViewController.swift */,
				E32CB43F264E941E00C2DFB3 /* LaunchScreen.storyboard */,
				E32CB43A264E941200C2DFB3 /* Main.storyboard */,
				E32CB43D264E941E00C2DFB3 /* Assets.xcassets */,
				E32CB442264E941E00C2DFB3 /* Info.plist */,
				E32CB46B264E9E2100C2DFB3 /* ListTableTableViewController.swift */,
				E32CB46D264E9E4400C2DFB3 /* QuesrionViewController.swift */,
				E32CB46F264E9E5700C2DFB3 /* FiniishViewController.swift */,
				E32CB471264E9E6D00C2DFB3 /* AddViewController.swift */,
				E30E06B0264FB3CD00C14F4C /* ListTableViewCell.swift */,
			);
			path = WordList;
			sourceTree = "<group>";
		};
		E32CB44A264E941F00C2DFB3 /* WordListTests */ = {
			isa = PBXGroup;
			children = (
				E32CB44B264E941F00C2DFB3 /* WordListTests.swift */,
				E32CB44D264E941F00C2DFB3 /* Info.plist */,
			);
			path = WordListTests;
			sourceTree = "<group>";
		};
		E32CB455264E941F00C2DFB3 /* WordListUITests */ = {
			isa = PBXGroup;
			children = (
				E32CB456264E941F00C2DFB3 /* WordListUITests.swift */,
				E32CB458264E941F00C2DFB3 /* Info.plist */,
			);
			path = WordListUITests;
			sourceTree = "<group>";
		};
		E32CB464264E945D00C2DFB3 /* WordList素材 */ = {
			isa = PBXGroup;
			children = (
				E32CB465264E945D00C2DFB3 /* word_blank.png */,
				E32CB466264E945D00C2DFB3 /* fin.png */,
				E32CB467264E945D00C2DFB3 /* title_logo.png */,
			);
			path = "WordList素材";
			sourceTree = "<group>";
		};
/* End PBXGroup section */

/* Begin PBXNativeTarget section */
		E32CB430264E941200C2DFB3 /* WordList */ = {
			isa = PBXNativeTarget;
			buildConfigurationList = E32CB45B264E941F00C2DFB3 /* Build configuration list for PBXNativeTarget "WordList" */;
			buildPhases = (
				E32CB42D264E941200C2DFB3 /* Sources */,
				E32CB42E264E941200C2DFB3 /* Frameworks */,
				E32CB42F264E941200C2DFB3 /* Resources */,
			);
			buildRules = (
			);
			dependencies = (
			);
			name = WordList;
			productName = WordList;
			productReference = E32CB431264E941200C2DFB3 /* WordList.app */;
			productType = "com.apple.product-type.application";
		};
		E32CB446264E941F00C2DFB3 /* WordListTests */ = {
			isa = PBXNativeTarget;
			buildConfigurationList = E32CB45E264E941F00C2DFB3 /* Build configuration list for PBXNativeTarget "WordListTests" */;
			buildPhases = (
				E32CB443264E941F00C2DFB3 /* Sources */,
				E32CB444264E941F00C2DFB3 /* Frameworks */,
				E32CB445264E941F00C2DFB3 /* Resources */,
			);
			buildRules = (
			);
			dependencies = (
				E32CB449264E941F00C2DFB3 /* PBXTargetDependency */,
			);
			name = WordListTests;
			productName = WordListTests;
			productReference = E32CB447264E941F00C2DFB3 /* WordListTests.xctest */;
			productType = "com.apple.product-type.bundle.unit-test";
		};
		E32CB451264E941F00C2DFB3 /* WordListUITests */ = {
			isa = PBXNativeTarget;
			buildConfigurationList = E32CB461264E941F00C2DFB3 /* Build configuration list for PBXNativeTarget "WordListUITests" */;
			buildPhases = (
				E32CB44E264E941F00C2DFB3 /* Sources */,
				E32CB44F264E941F00C2DFB3 /* Frameworks */,
				E32CB450264E941F00C2DFB3 /* Resources */,
			);
			buildRules = (
			);
			dependencies = (
				E32CB454264E941F00C2DFB3 /* PBXTargetDependency */,
			);
			name = WordListUITests;
			productName = WordListUITests;
			productReference = E32CB452264E941F00C2DFB3 /* WordListUITests.xctest */;
			productType = "com.apple.product-type.bundle.ui-testing";
		};
/* End PBXNativeTarget section */

/* Begin PBXProject section */
		E32CB429264E941100C2DFB3 /* Project object */ = {
			isa = PBXProject;
			attributes = {
				LastSwiftUpdateCheck = 1250;
				LastUpgradeCheck = 1250;
				TargetAttributes = {
					E32CB430264E941200C2DFB3 = {
						CreatedOnToolsVersion = 12.5;
					};
					E32CB446264E941F00C2DFB3 = {
						CreatedOnToolsVersion = 12.5;
						TestTargetID = E32CB430264E941200C2DFB3;
					};
					E32CB451264E941F00C2DFB3 = {
						CreatedOnToolsVersion = 12.5;
						TestTargetID = E32CB430264E941200C2DFB3;
					};
				};
			};
			buildConfigurationList = E32CB42C264E941100C2DFB3 /* Build configuration list for PBXProject "WordList" */;
			compatibilityVersion = "Xcode 9.3";
			developmentRegion = en;
			hasScannedForEncodings = 0;
			knownRegions = (
				en,
				Base,
			);
			mainGroup = E32CB428264E941100C2DFB3;
			productRefGroup = E32CB432264E941200C2DFB3 /* Products */;
			projectDirPath = "";
			projectRoot = "";
			targets = (
				E32CB430264E941200C2DFB3 /* WordList */,
				E32CB446264E941F00C2DFB3 /* WordListTests */,
				E32CB451264E941F00C2DFB3 /* WordListUITests */,
			);
		};
/* End PBXProject section */

/* Begin PBXResourcesBuildPhase section */
		E32CB42F264E941200C2DFB3 /* Resources */ = {
			isa = PBXResourcesBuildPhase;
			buildActionMask = 2147483647;
			files = (
				E32CB468264E945D00C2DFB3 /* word_blank.png in Resources */,
				E32CB46A264E945D00C2DFB3 /* title_logo.png in Resources */,
				E32CB441264E941E00C2DFB3 /* LaunchScreen.storyboard in Resources */,
				E32CB43E264E941E00C2DFB3 /* Assets.xcassets in Resources */,
				E32CB469264E945D00C2DFB3 /* fin.png in Resources */,
				E32CB43C264E941200C2DFB3 /* Main.storyboard in Resources */,
			);
			runOnlyForDeploymentPostprocessing = 0;
		};
		E32CB445264E941F00C2DFB3 /* Resources */ = {
			isa = PBXResourcesBuildPhase;
			buildActionMask = 2147483647;
			files = (
			);
			runOnlyForDeploymentPostprocessing = 0;
		};
		E32CB450264E941F00C2DFB3 /* Resources */ = {
			isa = PBXResourcesBuildPhase;
			buildActionMask = 2147483647;
			files = (
			);
			runOnlyForDeploymentPostprocessing = 0;
		};
/* End PBXResourcesBuildPhase section */

/* Begin PBXSourcesBuildPhase section */
		E32CB42D264E941200C2DFB3 /* Sources */ = {
			isa = PBXSourcesBuildPhase;
			buildActionMask = 2147483647;
			files = (
				E32CB46C264E9E2100C2DFB3 /* ListTableTableViewController.swift in Sources */,
				E30E06B1264FB3CD00C14F4C /* ListTableViewCell.swift in Sources */,
				E32CB46E264E9E4400C2DFB3 /* QuesrionViewController.swift in Sources */,
				E32CB472264E9E6D00C2DFB3 /* AddViewController.swift in Sources */,
				E32CB439264E941200C2DFB3 /* ViewController.swift in Sources */,
				E32CB435264E941200C2DFB3 /* AppDelegate.swift in Sources */,
				E32CB437264E941200C2DFB3 /* SceneDelegate.swift in Sources */,
				E32CB470264E9E5700C2DFB3 /* FiniishViewController.swift in Sources */,
			);
			runOnlyForDeploymentPostprocessing = 0;
		};
		E32CB443264E941F00C2DFB3 /* Sources */ = {
			isa = PBXSourcesBuildPhase;
			buildActionMask = 2147483647;
			files = (
				E32CB44C264E941F00C2DFB3 /* WordListTests.swift in Sources */,
			);
			runOnlyForDeploymentPostprocessing = 0;
		};
		E32CB44E264E941F00C2DFB3 /* Sources */ = {
			isa = PBXSourcesBuildPhase;
			buildActionMask = 2147483647;
			files = (
				E32CB457264E941F00C2DFB3 /* WordListUITests.swift in Sources */,
			);
			runOnlyForDeploymentPostprocessing = 0;
		};
/* End PBXSourcesBuildPhase section */

/* Begin PBXTargetDependency section */
		E32CB449264E941F00C2DFB3 /* PBXTargetDependency */ = {
			isa = PBXTargetDependency;
			target = E32CB430264E941200C2DFB3 /* WordList */;
			targetProxy = E32CB448264E941F00C2DFB3 /* PBXContainerItemProxy */;
		};
		E32CB454264E941F00C2DFB3 /* PBXTargetDependency */ = {
			isa = PBXTargetDependency;
			target = E32CB430264E941200C2DFB3 /* WordList */;
			targetProxy = E32CB453264E941F00C2DFB3 /* PBXContainerItemProxy */;
		};
/* End PBXTargetDependency section */

/* Begin PBXVariantGroup section */
		E32CB43A264E941200C2DFB3 /* Main.storyboard */ = {
			isa = PBXVariantGroup;
			children = (
				E32CB43B264E941200C2DFB3 /* Base */,
			);
			name = Main.storyboard;
			sourceTree = "<group>";
		};
		E32CB43F264E941E00C2DFB3 /* LaunchScreen.storyboard */ = {
			isa = PBXVariantGroup;
			children = (
				E32CB440264E941E00C2DFB3 /* Base */,
			);
			name = LaunchScreen.storyboard;
			sourceTree = "<group>";
		};
/* End PBXVariantGroup section */

/* Begin XCBuildConfiguration section */
		E32CB459264E941F00C2DFB3 /* Debug */ = {
			isa = XCBuildConfiguration;
			buildSettings = {
				ALWAYS_SEARCH_USER_PATHS = NO;
				CLANG_ANALYZER_NONNULL = YES;
				CLANG_ANALYZER_NUMBER_OBJECT_CONVERSION = YES_AGGRESSIVE;
				CLANG_CXX_LANGUAGE_STANDARD = "gnu++14";
				CLANG_CXX_LIBRARY = "libc++";
				CLANG_ENABLE_MODULES = YES;
				CLANG_ENABLE_OBJC_ARC = YES;
				CLANG_ENABLE_OBJC_WEAK = YES;
				CLANG_WARN_BLOCK_CAPTURE_AUTORELEASING = YES;
				CLANG_WARN_BOOL_CONVERSION = YES;
				CLANG_WARN_COMMA = YES;
				CLANG_WARN_CONSTANT_CONVERSION = YES;
				CLANG_WARN_DEPRECATED_OBJC_IMPLEMENTATIONS = YES;
				CLANG_WARN_DIRECT_OBJC_ISA_USAGE = YES_ERROR;
				CLANG_WARN_DOCUMENTATION_COMMENTS = YES;
				CLANG_WARN_EMPTY_BODY = YES;
				CLANG_WARN_ENUM_CONVERSION = YES;
				CLANG_WARN_INFINITE_RECURSION = YES;
				CLANG_WARN_INT_CONVERSION = YES;
				CLANG_WARN_NON_LITERAL_NULL_CONVERSION = YES;
				CLANG_WARN_OBJC_IMPLICIT_RETAIN_SELF = YES;
				CLANG_WARN_OBJC_LITERAL_CONVERSION = YES;
				CLANG_WARN_OBJC_ROOT_CLASS = YES_ERROR;
				CLANG_WARN_QUOTED_INCLUDE_IN_FRAMEWORK_HEADER = YES;
				CLANG_WARN_RANGE_LOOP_ANALYSIS = YES;
				CLANG_WARN_STRICT_PROTOTYPES = YES;
				CLANG_WARN_SUSPICIOUS_MOVE = YES;
				CLANG_WARN_UNGUARDED_AVAILABILITY = YES_AGGRESSIVE;
				CLANG_WARN_UNREACHABLE_CODE = YES;
				CLANG_WARN__DUPLICATE_METHOD_MATCH = YES;
				COPY_PHASE_STRIP = NO;
				DEBUG_INFORMATION_FORMAT = dwarf;
				ENABLE_STRICT_OBJC_MSGSEND = YES;
				ENABLE_TESTABILITY = YES;
				GCC_C_LANGUAGE_STANDARD = gnu11;
				GCC_DYNAMIC_NO_PIC = NO;
				GCC_NO_COMMON_BLOCKS = YES;
				GCC_OPTIMIZATION_LEVEL = 0;
				GCC_PREPROCESSOR_DEFINITIONS = (
					"DEBUG=1",
					"$(inherited)",
				);
				GCC_WARN_64_TO_32_BIT_CONVERSION = YES;
				GCC_WARN_ABOUT_RETURN_TYPE = YES_ERROR;
				GCC_WARN_UNDECLARED_SELECTOR = YES;
				GCC_WARN_UNINITIALIZED_AUTOS = YES_AGGRESSIVE;
				GCC_WARN_UNUSED_FUNCTION = YES;
				GCC_WARN_UNUSED_VARIABLE = YES;
				IPHONEOS_DEPLOYMENT_TARGET = 14.5;
				MTL_ENABLE_DEBUG_INFO = INCLUDE_SOURCE;
				MTL_FAST_MATH = YES;
				ONLY_ACTIVE_ARCH = YES;
				SDKROOT = iphoneos;
				SWIFT_ACTIVE_COMPILATION_CONDITIONS = DEBUG;
				SWIFT_OPTIMIZATION_LEVEL = "-Onone";
			};
			name = Debug;
		};
		E32CB45A264E941F00C2DFB3 /* Release */ = {
			isa = XCBuildConfiguration;
			buildSettings = {
				ALWAYS_SEARCH_USER_PATHS = NO;
				CLANG_ANALYZER_NONNULL = YES;
				CLANG_ANALYZER_NUMBER_OBJECT_CONVERSION = YES_AGGRESSIVE;
				CLANG_CXX_LANGUAGE_STANDARD = "gnu++14";
				CLANG_CXX_LIBRARY = "libc++";
				CLANG_ENABLE_MODULES = YES;
				CLANG_ENABLE_OBJC_ARC = YES;
				CLANG_ENABLE_OBJC_WEAK = YES;
				CLANG_WARN_BLOCK_CAPTURE_AUTORELEASING = YES;
				CLANG_WARN_BOOL_CONVERSION = YES;
				CLANG_WARN_COMMA = YES;
				CLANG_WARN_CONSTANT_CONVERSION = YES;
				CLANG_WARN_DEPRECATED_OBJC_IMPLEMENTATIONS = YES;
				CLANG_WARN_DIRECT_OBJC_ISA_USAGE = YES_ERROR;
				CLANG_WARN_DOCUMENTATION_COMMENTS = YES;
				CLANG_WARN_EMPTY_BODY = YES;
				CLANG_WARN_ENUM_CONVERSION = YES;
				CLANG_WARN_INFINITE_RECURSION = YES;
				CLANG_WARN_INT_CONVERSION = YES;
				CLANG_WARN_NON_LITERAL_NULL_CONVERSION = YES;
				CLANG_WARN_OBJC_IMPLICIT_RETAIN_SELF = YES;
				CLANG_WARN_OBJC_LITERAL_CONVERSION = YES;
				CLANG_WARN_OBJC_ROOT_CLASS = YES_ERROR;
				CLANG_WARN_QUOTED_INCLUDE_IN_FRAMEWORK_HEADER = YES;
				CLANG_WARN_RANGE_LOOP_ANALYSIS = YES;
				CLANG_WARN_STRICT_PROTOTYPES = YES;
				CLANG_WARN_SUSPICIOUS_MOVE = YES;
				CLANG_WARN_UNGUARDED_AVAILABILITY = YES_AGGRESSIVE;
				CLANG_WARN_UNREACHABLE_CODE = YES;
				CLANG_WARN__DUPLICATE_METHOD_MATCH = YES;
				COPY_PHASE_STRIP = NO;
				DEBUG_INFORMATION_FORMAT = "dwarf-with-dsym";
				ENABLE_NS_ASSERTIONS = NO;
				ENABLE_STRICT_OBJC_MSGSEND = YES;
				GCC_C_LANGUAGE_STANDARD = gnu11;
				GCC_NO_COMMON_BLOCKS = YES;
				GCC_WARN_64_TO_32_BIT_CONVERSION = YES;
				GCC_WARN_ABOUT_RETURN_TYPE = YES_ERROR;
				GCC_WARN_UNDECLARED_SELECTOR = YES;
				GCC_WARN_UNINITIALIZED_AUTOS = YES_AGGRESSIVE;
				GCC_WARN_UNUSED_FUNCTION = YES;
				GCC_WARN_UNUSED_VARIABLE = YES;
				IPHONEOS_DEPLOYMENT_TARGET = 14.5;
				MTL_ENABLE_DEBUG_INFO = NO;
				MTL_FAST_MATH = YES;
				SDKROOT = iphoneos;
				SWIFT_COMPILATION_MODE = wholemodule;
				SWIFT_OPTIMIZATION_LEVEL = "-O";
				VALIDATE_PRODUCT = YES;
			};
			name = Release;
		};
		E32CB45C264E941F00C2DFB3 /* Debug */ = {
			isa = XCBuildConfiguration;
			buildSettings = {
				ASSETCATALOG_COMPILER_APPICON_NAME = AppIcon;
				ASSETCATALOG_COMPILER_GLOBAL_ACCENT_COLOR_NAME = AccentColor;
				CODE_SIGN_STYLE = Automatic;
				DEVELOPMENT_TEAM = D6PA69M9QH;
				INFOPLIST_FILE = WordList/Info.plist;
				LD_RUNPATH_SEARCH_PATHS = (
					"$(inherited)",
					"@executable_path/Frameworks",
				);
				PRODUCT_BUNDLE_IDENTIFIER = app.kono.benichan.WordList;
				PRODUCT_NAME = "$(TARGET_NAME)";
				SWIFT_VERSION = 5.0;
				TARGETED_DEVICE_FAMILY = "1,2";
			};
			name = Debug;
		};
		E32CB45D264E941F00C2DFB3 /* Release */ = {
			isa = XCBuildConfiguration;
			buildSettings = {
				ASSETCATALOG_COMPILER_APPICON_NAME = AppIcon;
				ASSETCATALOG_COMPILER_GLOBAL_ACCENT_COLOR_NAME = AccentColor;
				CODE_SIGN_STYLE = Automatic;
				DEVELOPMENT_TEAM = D6PA69M9QH;
				INFOPLIST_FILE = WordList/Info.plist;
				LD_RUNPATH_SEARCH_PATHS = (
					"$(inherited)",
					"@executable_path/Frameworks",
				);
				PRODUCT_BUNDLE_IDENTIFIER = app.kono.benichan.WordList;
				PRODUCT_NAME = "$(TARGET_NAME)";
				SWIFT_VERSION = 5.0;
				TARGETED_DEVICE_FAMILY = "1,2";
			};
			name = Release;
		};
		E32CB45F264E941F00C2DFB3 /* Debug */ = {
			isa = XCBuildConfiguration;
			buildSettings = {
				ALWAYS_EMBED_SWIFT_STANDARD_LIBRARIES = YES;
				BUNDLE_LOADER = "$(TEST_HOST)";
				CODE_SIGN_STYLE = Automatic;
				INFOPLIST_FILE = WordListTests/Info.plist;
				IPHONEOS_DEPLOYMENT_TARGET = 14.5;
				LD_RUNPATH_SEARCH_PATHS = (
					"$(inherited)",
					"@executable_path/Frameworks",
					"@loader_path/Frameworks",
				);
				PRODUCT_BUNDLE_IDENTIFIER = app.kono.benichan.WordListTests;
				PRODUCT_NAME = "$(TARGET_NAME)";
				SWIFT_VERSION = 5.0;
				TARGETED_DEVICE_FAMILY = "1,2";
				TEST_HOST = "$(BUILT_PRODUCTS_DIR)/WordList.app/WordList";
			};
			name = Debug;
		};
		E32CB460264E941F00C2DFB3 /* Release */ = {
			isa = XCBuildConfiguration;
			buildSettings = {
				ALWAYS_EMBED_SWIFT_STANDARD_LIBRARIES = YES;
				BUNDLE_LOADER = "$(TEST_HOST)";
				CODE_SIGN_STYLE = Automatic;
				INFOPLIST_FILE = WordListTests/Info.plist;
				IPHONEOS_DEPLOYMENT_TARGET = 14.5;
				LD_RUNPATH_SEARCH_PATHS = (
					"$(inherited)",
					"@executable_path/Frameworks",
					"@loader_path/Frameworks",
				);
				PRODUCT_BUNDLE_IDENTIFIER = app.kono.benichan.WordListTests;
				PRODUCT_NAME = "$(TARGET_NAME)";
				SWIFT_VERSION = 5.0;
				TARGETED_DEVICE_FAMILY = "1,2";
				TEST_HOST = "$(BUILT_PRODUCTS_DIR)/WordList.app/WordList";
			};
			name = Release;
		};
		E32CB462264E941F00C2DFB3 /* Debug */ = {
			isa = XCBuildConfiguration;
			buildSettings = {
				ALWAYS_EMBED_SWIFT_STANDARD_LIBRARIES = YES;
				CODE_SIGN_STYLE = Automatic;
				INFOPLIST_FILE = WordListUITests/Info.plist;
				LD_RUNPATH_SEARCH_PATHS = (
					"$(inherited)",
					"@executable_path/Frameworks",
					"@loader_path/Frameworks",
				);
				PRODUCT_BUNDLE_IDENTIFIER = app.kono.benichan.WordListUITests;
				PRODUCT_NAME = "$(TARGET_NAME)";
				SWIFT_VERSION = 5.0;
				TARGETED_DEVICE_FAMILY = "1,2";
				TEST_TARGET_NAME = WordList;
			};
			name = Debug;
		};
		E32CB463264E941F00C2DFB3 /* Release */ = {
			isa = XCBuildConfiguration;
			buildSettings = {
				ALWAYS_EMBED_SWIFT_STANDARD_LIBRARIES = YES;
				CODE_SIGN_STYLE = Automatic;
				INFOPLIST_FILE = WordListUITests/Info.plist;
				LD_RUNPATH_SEARCH_PATHS = (
					"$(inherited)",
					"@executable_path/Frameworks",
					"@loader_path/Frameworks",
				);
				PRODUCT_BUNDLE_IDENTIFIER = app.kono.benichan.WordListUITests;
				PRODUCT_NAME = "$(TARGET_NAME)";
				SWIFT_VERSION = 5.0;
				TARGETED_DEVICE_FAMILY = "1,2";
				TEST_TARGET_NAME = WordList;
			};
			name = Release;
		};
/* End XCBuildConfiguration section */

/* Begin XCConfigurationList section */
		E32CB42C264E941100C2DFB3 /* Build configuration list for PBXProject "WordList" */ = {
			isa = XCConfigurationList;
			buildConfigurations = (
				E32CB459264E941F00C2DFB3 /* Debug */,
				E32CB45A264E941F00C2DFB3 /* Release */,
			);
			defaultConfigurationIsVisible = 0;
			defaultConfigurationName = Release;
		};
		E32CB45B264E941F00C2DFB3 /* Build configuration list for PBXNativeTarget "WordList" */ = {
			isa = XCConfigurationList;
			buildConfigurations = (
				E32CB45C264E941F00C2DFB3 /* Debug */,
				E32CB45D264E941F00C2DFB3 /* Release */,
			);
			defaultConfigurationIsVisible = 0;
			defaultConfigurationName = Release;
		};
		E32CB45E264E941F00C2DFB3 /* Build configuration list for PBXNativeTarget "WordListTests" */ = {
			isa = XCConfigurationList;
			buildConfigurations = (
				E32CB45F264E941F00C2DFB3 /* Debug */,
				E32CB460264E941F00C2DFB3 /* Release */,
			);
			defaultConfigurationIsVisible = 0;
			defaultConfigurationName = Release;
		};
		E32CB461264E941F00C2DFB3 /* Build configuration list for PBXNativeTarget "WordListUITests" */ = {
			isa = XCConfigurationList;
			buildConfigurations = (
				E32CB462264E941F00C2DFB3 /* Debug */,
				E32CB463264E941F00C2DFB3 /* Release */,
			);
			defaultConfigurationIsVisible = 0;
			defaultConfigurationName = Release;
		};
/* End XCConfigurationList section */
	};
	rootObject = E32CB429264E941100C2DFB3 /* Project object */;
}
